
Microsoft Visual Studio Solution File, Format Version 12.00
# Visual Studio Version 17
VisualStudioVersion = 17.5.33424.131
MinimumVisualStudioVersion = 10.0.40219.1
Project("{9A19103F-16F7-4668-BE54-9A1E7A4F7556}") = "Myshop", "Myshop\Myshop.csproj", "{1B51605D-C79C-4871-A242-72B3E14A2943}"
EndProject
Project("{54435603-DBB4-11D2-8724-00A0C9A8B90C}") = "MyShopSetup", "MyShopSetup\MyShopSetup.vdproj", "{185753A7-8F21-4BF4-89F7-1377B3FCAC6A}"
EndProject
Global
	GlobalSection(SolutionConfigurationPlatforms) = preSolution
		Debug|Any CPU = Debug|Any CPU
		Release|Any CPU = Release|Any CPU
	EndGlobalSection
	GlobalSection(ProjectConfigurationPlatforms) = postSolution
		{1B51605D-C79C-4871-A242-72B3E14A2943}.Debug|Any CPU.ActiveCfg = Debug|Any CPU
		{1B51605D-C79C-4871-A242-72B3E14A2943}.Debug|Any CPU.Build.0 = Debug|Any CPU
		{1B51605D-C79C-4871-A242-72B3E14A2943}.Release|Any CPU.ActiveCfg = Release|Any CPU
		{1B51605D-C79C-4871-A242-72B3E14A2943}.Release|Any CPU.Build.0 = Release|Any CPU
		{185753A7-8F21-4BF4-89F7-1377B3FCAC6A}.Debug|Any CPU.ActiveCfg = Debug
		{185753A7-8F21-4BF4-89F7-1377B3FCAC6A}.Release|Any CPU.ActiveCfg = Release
	EndGlobalSection
	GlobalSection(SolutionProperties) = preSolution
		HideSolutionNode = FALSE
	EndGlobalSection
	GlobalSection(ExtensibilityGlobals) = postSolution
		SolutionGuid = {6B370791-F5DE-4301-8E4E-D78851094454}
	EndGlobalSection
EndGlobal
